
Microsoft Visual Studio Solution File, Format Version 12.00
# Visual Studio Version 16
VisualStudioVersion = 16.0.30503.244
MinimumVisualStudioVersion = 10.0.40219.1
Project("{FAE04EC0-301F-11D3-BF4B-00C04F79EFBC}") = "DHMShop", "DHMshop\DHMShop.csproj", "{08ABBE2A-F48E-4EE5-953D-1CE38D258C2A}"
EndProject
Project("{2150E333-8FDC-42A3-9474-1A3956D46DE8}") = "Solution Items", "Solution Items", "{33D00EA9-0FC5-4D2B-A1B0-D7000296ACB3}"
	ProjectSection(SolutionItems) = preProject
		Database.sql = Database.sql
	EndProjectSection
EndProject
Global
	GlobalSection(SolutionConfigurationPlatforms) = preSolution
		Debug|Any CPU = Debug|Any CPU
		Release|Any CPU = Release|Any CPU
	EndGlobalSection
	GlobalSection(ProjectConfigurationPlatforms) = postSolution
		{08ABBE2A-F48E-4EE5-953D-1CE38D258C2A}.Debug|Any CPU.ActiveCfg = Debug|Any CPU
		{08ABBE2A-F48E-4EE5-953D-1CE38D258C2A}.Debug|Any CPU.Build.0 = Debug|Any CPU
		{08ABBE2A-F48E-4EE5-953D-1CE38D258C2A}.Release|Any CPU.ActiveCfg = Release|Any CPU
		{08ABBE2A-F48E-4EE5-953D-1CE38D258C2A}.Release|Any CPU.Build.0 = Release|Any CPU
	EndGlobalSection
	GlobalSection(SolutionProperties) = preSolution
		HideSolutionNode = FALSE
	EndGlobalSection
	GlobalSection(ExtensibilityGlobals) = postSolution
		SolutionGuid = {CAEE1D4B-D1B8-4AC3-A48F-ACAB92FC00A4}
	EndGlobalSection
EndGlobal
